<?xml version="1.0" encoding="UTF-8" standalone="yes" ?>
<CodeBlocks_project_file>
	<FileVersion major="1" minor="6" />
	<Project>
		<Option title="Vjezba_5" />
		<Option pch_mode="2" />
		<Option compiler="gcc" />
		<Build>
			<Target title="Debug">
				<Option output="bin/Debug/Vjezba_5" prefix_auto="1" extension_auto="1" />
				<Option object_output="obj/Debug/" />
				<Option type="1" />
				<Option compiler="gcc" />
				<Compiler>
					<Add option="-g" />
				</Compiler>
			</Target>
		</Build>
		<Compiler>
			<Add option="-Wall" />
			<Add option="-fexceptions" />
		</Compiler>
		<Unit filename="main.cpp">
			<Option target="&lt;{~None~}&gt;" />
		</Unit>
		<Unit filename="main4.cpp" />
		<Unit filename="practice.cpp">
			<Option target="&lt;{~None~}&gt;" />
		</Unit>
		<Unit filename="zad1.cpp">
			<Option target="&lt;{~None~}&gt;" />
		</Unit>
		<Unit filename="zad1.hpp">
			<Option target="&lt;{~None~}&gt;" />
		</Unit>
		<Unit filename="zad2.hpp">
			<Option target="&lt;{~None~}&gt;" />
		</Unit>
		<Unit filename="zad3.hpp">
			<Option target="&lt;{~None~}&gt;" />
		</Unit>
		<Unit filename="zad4.cpp">
			<Option target="&lt;{~None~}&gt;" />
		</Unit>
		<Extensions />
	</Project>
</CodeBlocks_project_file>
